{
  "version": 4,
  "terraform_version": "0.12.29",
  "serial": 8,
  "lineage": "15aa473b-61f1-3e83-39e0-037d8fda528d",
  "outputs": {},
  "resources": [
    {
      "mode": "managed",
      "type": "aws_s3_bucket",
      "name": "s3_bucket",
      "provider": "provider.aws",
      "instances": [
        {
          "schema_version": 0,
          "attributes": {
            "acceleration_status": "",
            "acl": "private",
            "arn": "arn:aws-cn:s3:::my-tf-test-bucket002-ruiliang-01",
            "bucket": "my-tf-test-bucket002-ruiliang-01",
            "bucket_domain_name": "my-tf-test-bucket002-ruiliang-01.s3.amazonaws.com.cn",
            "bucket_prefix": null,
            "bucket_regional_domain_name": "my-tf-test-bucket002-ruiliang-01.s3.cn-north-1.amazonaws.com.cn",
            "cors_rule": [],
            "force_destroy": false,
            "grant": [],
            "hosted_zone_id": null,
            "id": "my-tf-test-bucket002-ruiliang-01",
            "lifecycle_rule": [],
            "logging": [],
            "object_lock_configuration": [],
            "policy": null,
            "region": "cn-north-1",
            "replication_configuration": [],
            "request_payer": "BucketOwner",
            "server_side_encryption_configuration": [],
            "tags": {
              "Environment": "Dev0001",
              "Name": "My bucket"
            },
            "versioning": [
              {
                "enabled": false,
                "mfa_delete": false
              }
            ],
            "website": [],
            "website_domain": null,
            "website_endpoint": null
          },
          "private": "bnVsbA=="
        }
      ]
    }
  ]
}
